{
  "name": "red-contrib-r-nodes",
  "version": "0.1.0",
  "lockfileVersion": 1,
  "requires": true,
  "dependencies": {
    "binary": {
      "version": "0.3.0",
      "resolved": "https://registry.npmjs.org/binary/-/binary-0.3.0.tgz",
      "integrity": "sha1-n2BVO8XOjDOG87VTz/R0Yq3sqnk=",
      "requires": {
        "buffers": "~0.1.1",
        "chainsaw": "~0.1.0"
      }
    },
    "buffers": {
      "version": "0.1.1",
      "resolved": "https://registry.npmjs.org/buffers/-/buffers-0.1.1.tgz",
      "integrity": "sha1-skV5w77U1tOWru5tmorn9Ugqt7s="
    },
    "chainsaw": {
      "version": "0.1.0",
      "resolved": "https://registry.npmjs.org/chainsaw/-/chainsaw-0.1.0.tgz",
      "integrity": "sha1-XqtQsor+WAdNDVgpE4iCi15fvJg=",
      "requires": {
        "traverse": ">=0.3.0 <0.4"
      }
    },
    "hexy": {
      "version": "0.2.11",
      "resolved": "https://registry.npmjs.org/hexy/-/hexy-0.2.11.tgz",
      "integrity": "sha512-ciq6hFsSG/Bpt2DmrZJtv+56zpPdnq+NQ4ijEFrveKN0ZG1mhl/LdT1NQZ9se6ty1fACcI4d4vYqC9v8EYpH2A=="
    },
    "rio": {
      "version": "2.4.1",
      "resolved": "https://registry.npmjs.org/rio/-/rio-2.4.1.tgz",
      "integrity": "sha1-B1rZx3hU50+f3pG9uMWmnKA6ULU=",
      "requires": {
        "binary": "~0.3.0",
        "hexy": "~0.2.7"
      }
    },
    "traverse": {
      "version": "0.3.9",
      "resolved": "https://registry.npmjs.org/traverse/-/traverse-0.3.9.tgz",
      "integrity": "sha1-cXuPIgzAu3tE5AUUwisui7xw2Lk="
    }
  }
}
